
Microsoft Visual Studio Solution File, Format Version 12.00
# Visual Studio Version 16
VisualStudioVersion = 16.0.32126.315
MinimumVisualStudioVersion = 10.0.40219.1
Project("{FAE04EC0-301F-11D3-BF4B-00C04F79EFBC}") = "STY WebBrowser", "STY WebBrowser\STY WebBrowser.csproj", "{7C688B3A-9EA1-452E-AF2E-390348B217E6}"
EndProject
Global
	GlobalSection(SolutionConfigurationPlatforms) = preSolution
		Debug|Any CPU = Debug|Any CPU
		Release|Any CPU = Release|Any CPU
	EndGlobalSection
	GlobalSection(ProjectConfigurationPlatforms) = postSolution
		{7C688B3A-9EA1-452E-AF2E-390348B217E6}.Debug|Any CPU.ActiveCfg = Debug|Any CPU
		{7C688B3A-9EA1-452E-AF2E-390348B217E6}.Debug|Any CPU.Build.0 = Debug|Any CPU
		{7C688B3A-9EA1-452E-AF2E-390348B217E6}.Release|Any CPU.ActiveCfg = Release|Any CPU
		{7C688B3A-9EA1-452E-AF2E-390348B217E6}.Release|Any CPU.Build.0 = Release|Any CPU
	EndGlobalSection
	GlobalSection(SolutionProperties) = preSolution
		HideSolutionNode = FALSE
	EndGlobalSection
	GlobalSection(ExtensibilityGlobals) = postSolution
		SolutionGuid = {F8E9D723-EB04-47DF-98A6-4654DA661792}
	EndGlobalSection
EndGlobal
